// !$*UTF8*$!
{
	archiveVersion = 1;
	classes = {
	};
	objectVersion = 48;
	objects = {

/* Begin PBXBuildFile section */
		7910D98A2000673F00152696 /* CoreDataManager.swift in Sources */ = {isa = PBXBuildFile; fileRef = 7910D9892000673F00152696 /* CoreDataManager.swift */; };
		79405B81201AC769004C5EFD /* Modelv1.1_2.xcmappingmodel in Sources */ = {isa = PBXBuildFile; fileRef = 79405B80201AC769004C5EFD /* Modelv1.1_2.xcmappingmodel */; };
		79405B83201AC895004C5EFD /* CustomMigrationPolicy.swift in Sources */ = {isa = PBXBuildFile; fileRef = 79405B82201AC895004C5EFD /* CustomMigrationPolicy.swift */; };
		79410F8A20184DBB0006CD88 /* EmployeeType.swift in Sources */ = {isa = PBXBuildFile; fileRef = 79410F8920184DBB0006CD88 /* EmployeeType.swift */; };
		7949B9372016B07700D2C2C8 /* CompanyCell.swift in Sources */ = {isa = PBXBuildFile; fileRef = 7949B9362016B07700D2C2C8 /* CompanyCell.swift */; };
		7949B93A2016B21200D2C2C8 /* Extensions.swift in Sources */ = {isa = PBXBuildFile; fileRef = 7949B9392016B21200D2C2C8 /* Extensions.swift */; };
		7949B93C2016B8B300D2C2C8 /* CompaniesController+CreateCompany.swift in Sources */ = {isa = PBXBuildFile; fileRef = 7949B93B2016B8B300D2C2C8 /* CompaniesController+CreateCompany.swift */; };
		7949B93E2016B9B300D2C2C8 /* CompaniesController+UITableViewDelegate.swift in Sources */ = {isa = PBXBuildFile; fileRef = 7949B93D2016B9B300D2C2C8 /* CompaniesController+UITableViewDelegate.swift */; };
		7949B9402016D8DB00D2C2C8 /* EmployeesController.swift in Sources */ = {isa = PBXBuildFile; fileRef = 7949B93F2016D8DB00D2C2C8 /* EmployeesController.swift */; };
		7949B9432016DA4A00D2C2C8 /* UIViewController+Helpers.swift in Sources */ = {isa = PBXBuildFile; fileRef = 7949B9422016DA4A00D2C2C8 /* UIViewController+Helpers.swift */; };
		7949B9452016DB2D00D2C2C8 /* CreateEmployeeController.swift in Sources */ = {isa = PBXBuildFile; fileRef = 7949B9442016DB2D00D2C2C8 /* CreateEmployeeController.swift */; };
		794AD15120000CC200026585 /* AppDelegate.swift in Sources */ = {isa = PBXBuildFile; fileRef = 794AD15020000CC200026585 /* AppDelegate.swift */; };
		794AD15320000CC200026585 /* CompaniesController.swift in Sources */ = {isa = PBXBuildFile; fileRef = 794AD15220000CC200026585 /* CompaniesController.swift */; };
		794AD15620000CC200026585 /* Main.storyboard in Resources */ = {isa = PBXBuildFile; fileRef = 794AD15420000CC200026585 /* Main.storyboard */; };
		794AD15820000CC200026585 /* Assets.xcassets in Resources */ = {isa = PBXBuildFile; fileRef = 794AD15720000CC200026585 /* Assets.xcassets */; };
		794AD15B20000CC200026585 /* LaunchScreen.storyboard in Resources */ = {isa = PBXBuildFile; fileRef = 794AD15920000CC200026585 /* LaunchScreen.storyboard */; };
		794AD1632000153700026585 /* CustomNavigationController.swift in Sources */ = {isa = PBXBuildFile; fileRef = 794AD1622000153700026585 /* CustomNavigationController.swift */; };
		794AD16520001C0500026585 /* UIColor.theme.swift in Sources */ = {isa = PBXBuildFile; fileRef = 794AD16420001C0500026585 /* UIColor.theme.swift */; };
		794AD167200037FE00026585 /* Company.swift in Sources */ = {isa = PBXBuildFile; fileRef = 794AD166200037FE00026585 /* Company.swift */; };
		794AD169200039D300026585 /* CreateCompanyController.swift in Sources */ = {isa = PBXBuildFile; fileRef = 794AD168200039D300026585 /* CreateCompanyController.swift */; };
		794AD18D20005EA800026585 /* IntermediateTraining.xcdatamodeld in Sources */ = {isa = PBXBuildFile; fileRef = 794AD18B20005EA800026585 /* IntermediateTraining.xcdatamodeld */; };
		79E7C97A20194E15009AF80E /* CompaniesAutoUpdateController.swift in Sources */ = {isa = PBXBuildFile; fileRef = 79E7C97920194E15009AF80E /* CompaniesAutoUpdateController.swift */; };
		79E7C97C201AA091009AF80E /* service.swift in Sources */ = {isa = PBXBuildFile; fileRef = 79E7C97B201AA091009AF80E /* service.swift */; };
/* End PBXBuildFile section */

/* Begin PBXFileReference section */
		7910D9892000673F00152696 /* CoreDataManager.swift */ = {isa = PBXFileReference; lastKnownFileType = sourcecode.swift; path = CoreDataManager.swift; sourceTree = "<group>"; };
		7925395D201ABD2E0081C7BB /* IntermediateTraining_v1.1.xcdatamodel */ = {isa = PBXFileReference; lastKnownFileType = wrapper.xcdatamodel; path = IntermediateTraining_v1.1.xcdatamodel; sourceTree = "<group>"; };
		79405B80201AC769004C5EFD /* Modelv1.1_2.xcmappingmodel */ = {isa = PBXFileReference; lastKnownFileType = wrapper.xcmappingmodel; path = Modelv1.1_2.xcmappingmodel; sourceTree = "<group>"; };
		79405B82201AC895004C5EFD /* CustomMigrationPolicy.swift */ = {isa = PBXFileReference; lastKnownFileType = sourcecode.swift; path = CustomMigrationPolicy.swift; sourceTree = "<group>"; };
		79410F8920184DBB0006CD88 /* EmployeeType.swift */ = {isa = PBXFileReference; lastKnownFileType = sourcecode.swift; path = EmployeeType.swift; sourceTree = "<group>"; };
		7949B9362016B07700D2C2C8 /* CompanyCell.swift */ = {isa = PBXFileReference; lastKnownFileType = sourcecode.swift; path = CompanyCell.swift; sourceTree = "<group>"; };
		7949B9392016B21200D2C2C8 /* Extensions.swift */ = {isa = PBXFileReference; lastKnownFileType = sourcecode.swift; path = Extensions.swift; sourceTree = "<group>"; };
		7949B93B2016B8B300D2C2C8 /* CompaniesController+CreateCompany.swift */ = {isa = PBXFileReference; lastKnownFileType = sourcecode.swift; path = "CompaniesController+CreateCompany.swift"; sourceTree = "<group>"; };
		7949B93D2016B9B300D2C2C8 /* CompaniesController+UITableViewDelegate.swift */ = {isa = PBXFileReference; lastKnownFileType = sourcecode.swift; path = "CompaniesController+UITableViewDelegate.swift"; sourceTree = "<group>"; };
		7949B93F2016D8DB00D2C2C8 /* EmployeesController.swift */ = {isa = PBXFileReference; lastKnownFileType = sourcecode.swift; path = EmployeesController.swift; sourceTree = "<group>"; };
		7949B9422016DA4A00D2C2C8 /* UIViewController+Helpers.swift */ = {isa = PBXFileReference; lastKnownFileType = sourcecode.swift; path = "UIViewController+Helpers.swift"; sourceTree = "<group>"; };
		7949B9442016DB2D00D2C2C8 /* CreateEmployeeController.swift */ = {isa = PBXFileReference; lastKnownFileType = sourcecode.swift; path = CreateEmployeeController.swift; sourceTree = "<group>"; };
		794AD14D20000CC200026585 /* coredatacourse.app */ = {isa = PBXFileReference; explicitFileType = wrapper.application; includeInIndex = 0; path = coredatacourse.app; sourceTree = BUILT_PRODUCTS_DIR; };
		794AD15020000CC200026585 /* AppDelegate.swift */ = {isa = PBXFileReference; lastKnownFileType = sourcecode.swift; path = AppDelegate.swift; sourceTree = "<group>"; };
		794AD15220000CC200026585 /* CompaniesController.swift */ = {isa = PBXFileReference; lastKnownFileType = sourcecode.swift; path = CompaniesController.swift; sourceTree = "<group>"; };
		794AD15520000CC200026585 /* Base */ = {isa = PBXFileReference; lastKnownFileType = file.storyboard; name = Base; path = Base.lproj/Main.storyboard; sourceTree = "<group>"; };
		794AD15720000CC200026585 /* Assets.xcassets */ = {isa = PBXFileReference; lastKnownFileType = folder.assetcatalog; path = Assets.xcassets; sourceTree = "<group>"; };
		794AD15A20000CC200026585 /* Base */ = {isa = PBXFileReference; lastKnownFileType = file.storyboard; name = Base; path = Base.lproj/LaunchScreen.storyboard; sourceTree = "<group>"; };
		794AD15C20000CC200026585 /* Info.plist */ = {isa = PBXFileReference; lastKnownFileType = text.plist.xml; path = Info.plist; sourceTree = "<group>"; };
		794AD1622000153700026585 /* CustomNavigationController.swift */ = {isa = PBXFileReference; lastKnownFileType = sourcecode.swift; path = CustomNavigationController.swift; sourceTree = "<group>"; };
		794AD16420001C0500026585 /* UIColor.theme.swift */ = {isa = PBXFileReference; lastKnownFileType = sourcecode.swift; path = UIColor.theme.swift; sourceTree = "<group>"; };
		794AD166200037FE00026585 /* Company.swift */ = {isa = PBXFileReference; lastKnownFileType = sourcecode.swift; path = Company.swift; sourceTree = "<group>"; };
		794AD168200039D300026585 /* CreateCompanyController.swift */ = {isa = PBXFileReference; lastKnownFileType = sourcecode.swift; path = CreateCompanyController.swift; sourceTree = "<group>"; };
		794AD18C20005EA800026585 /* IntermediateTraining.xcdatamodel */ = {isa = PBXFileReference; lastKnownFileType = wrapper.xcdatamodel; path = IntermediateTraining.xcdatamodel; sourceTree = "<group>"; };
		79776EE1201AC63700B6D663 /* IntermediateTraining_v1.2.xcdatamodel */ = {isa = PBXFileReference; lastKnownFileType = wrapper.xcdatamodel; path = IntermediateTraining_v1.2.xcdatamodel; sourceTree = "<group>"; };
		79E7C97920194E15009AF80E /* CompaniesAutoUpdateController.swift */ = {isa = PBXFileReference; lastKnownFileType = sourcecode.swift; path = CompaniesAutoUpdateController.swift; sourceTree = "<group>"; };
		79E7C97B201AA091009AF80E /* service.swift */ = {isa = PBXFileReference; lastKnownFileType = sourcecode.swift; path = service.swift; sourceTree = "<group>"; };
/* End PBXFileReference section */

/* Begin PBXFrameworksBuildPhase section */
		794AD14A20000CC100026585 /* Frameworks */ = {
			isa = PBXFrameworksBuildPhase;
			buildActionMask = 2147483647;
			files = (
			);
			runOnlyForDeploymentPostprocessing = 0;
		};
/* End PBXFrameworksBuildPhase section */

/* Begin PBXGroup section */
		7949B9382016B12A00D2C2C8 /* companies */ = {
			isa = PBXGroup;
			children = (
				7949B9462016E5D600D2C2C8 /* Employees */,
				794AD15220000CC200026585 /* CompaniesController.swift */,
				794AD166200037FE00026585 /* Company.swift */,
				7949B9362016B07700D2C2C8 /* CompanyCell.swift */,
				7949B93B2016B8B300D2C2C8 /* CompaniesController+CreateCompany.swift */,
				7949B93D2016B9B300D2C2C8 /* CompaniesController+UITableViewDelegate.swift */,
				79E7C97920194E15009AF80E /* CompaniesAutoUpdateController.swift */,
				79E7C97B201AA091009AF80E /* service.swift */,
			);
			path = companies;
			sourceTree = "<group>";
		};
		7949B9412016DA2000D2C2C8 /* helpers */ = {
			isa = PBXGroup;
			children = (
				7949B9422016DA4A00D2C2C8 /* UIViewController+Helpers.swift */,
			);
			path = helpers;
			sourceTree = "<group>";
		};
		7949B9462016E5D600D2C2C8 /* Employees */ = {
			isa = PBXGroup;
			children = (
				7949B93F2016D8DB00D2C2C8 /* EmployeesController.swift */,
				7949B9442016DB2D00D2C2C8 /* CreateEmployeeController.swift */,
				79410F8920184DBB0006CD88 /* EmployeeType.swift */,
			);
			path = Employees;
			sourceTree = "<group>";
		};
		794AD14420000CC100026585 = {
			isa = PBXGroup;
			children = (
				794AD14F20000CC200026585 /* coredatacourse */,
				794AD14E20000CC200026585 /* Products */,
			);
			sourceTree = "<group>";
		};
		794AD14E20000CC200026585 /* Products */ = {
			isa = PBXGroup;
			children = (
				794AD14D20000CC200026585 /* coredatacourse.app */,
			);
			name = Products;
			sourceTree = "<group>";
		};
		794AD14F20000CC200026585 /* coredatacourse */ = {
			isa = PBXGroup;
			children = (
				7949B9412016DA2000D2C2C8 /* helpers */,
				7949B9382016B12A00D2C2C8 /* companies */,
				794AD15020000CC200026585 /* AppDelegate.swift */,
				794AD15420000CC200026585 /* Main.storyboard */,
				794AD15720000CC200026585 /* Assets.xcassets */,
				794AD15920000CC200026585 /* LaunchScreen.storyboard */,
				794AD15C20000CC200026585 /* Info.plist */,
				794AD1622000153700026585 /* CustomNavigationController.swift */,
				794AD16420001C0500026585 /* UIColor.theme.swift */,
				794AD168200039D300026585 /* CreateCompanyController.swift */,
				794AD18B20005EA800026585 /* IntermediateTraining.xcdatamodeld */,
				79405B80201AC769004C5EFD /* Modelv1.1_2.xcmappingmodel */,
				79405B82201AC895004C5EFD /* CustomMigrationPolicy.swift */,
				7910D9892000673F00152696 /* CoreDataManager.swift */,
				7949B9392016B21200D2C2C8 /* Extensions.swift */,
			);
			path = coredatacourse;
			sourceTree = "<group>";
		};
/* End PBXGroup section */

/* Begin PBXNativeTarget section */
		794AD14C20000CC100026585 /* coredatacourse */ = {
			isa = PBXNativeTarget;
			buildConfigurationList = 794AD15F20000CC200026585 /* Build configuration list for PBXNativeTarget "coredatacourse" */;
			buildPhases = (
				794AD14920000CC100026585 /* Sources */,
				794AD14A20000CC100026585 /* Frameworks */,
				794AD14B20000CC100026585 /* Resources */,
			);
			buildRules = (
			);
			dependencies = (
			);
			name = coredatacourse;
			productName = coredatacourse;
			productReference = 794AD14D20000CC200026585 /* coredatacourse.app */;
			productType = "com.apple.product-type.application";
		};
/* End PBXNativeTarget section */

/* Begin PBXProject section */
		794AD14520000CC100026585 /* Project object */ = {
			isa = PBXProject;
			attributes = {
				LastSwiftUpdateCheck = 0920;
				LastUpgradeCheck = 0920;
				ORGANIZATIONNAME = AsherApps;
				TargetAttributes = {
					794AD14C20000CC100026585 = {
						CreatedOnToolsVersion = 9.2;
						ProvisioningStyle = Automatic;
					};
				};
			};
			buildConfigurationList = 794AD14820000CC100026585 /* Build configuration list for PBXProject "coredatacourse" */;
			compatibilityVersion = "Xcode 8.0";
			developmentRegion = en;
			hasScannedForEncodings = 0;
			knownRegions = (
				en,
				Base,
			);
			mainGroup = 794AD14420000CC100026585;
			productRefGroup = 794AD14E20000CC200026585 /* Products */;
			projectDirPath = "";
			projectRoot = "";
			targets = (
				794AD14C20000CC100026585 /* coredatacourse */,
			);
		};
/* End PBXProject section */

/* Begin PBXResourcesBuildPhase section */
		794AD14B20000CC100026585 /* Resources */ = {
			isa = PBXResourcesBuildPhase;
			buildActionMask = 2147483647;
			files = (
				794AD15B20000CC200026585 /* LaunchScreen.storyboard in Resources */,
				794AD15820000CC200026585 /* Assets.xcassets in Resources */,
				794AD15620000CC200026585 /* Main.storyboard in Resources */,
			);
			runOnlyForDeploymentPostprocessing = 0;
		};
/* End PBXResourcesBuildPhase section */

/* Begin PBXSourcesBuildPhase section */
		794AD14920000CC100026585 /* Sources */ = {
			isa = PBXSourcesBuildPhase;
			buildActionMask = 2147483647;
			files = (
				79E7C97A20194E15009AF80E /* CompaniesAutoUpdateController.swift in Sources */,
				794AD18D20005EA800026585 /* IntermediateTraining.xcdatamodeld in Sources */,
				794AD16520001C0500026585 /* UIColor.theme.swift in Sources */,
				7949B93E2016B9B300D2C2C8 /* CompaniesController+UITableViewDelegate.swift in Sources */,
				794AD1632000153700026585 /* CustomNavigationController.swift in Sources */,
				7949B9402016D8DB00D2C2C8 /* EmployeesController.swift in Sources */,
				794AD15320000CC200026585 /* CompaniesController.swift in Sources */,
				79E7C97C201AA091009AF80E /* service.swift in Sources */,
				7949B9432016DA4A00D2C2C8 /* UIViewController+Helpers.swift in Sources */,
				7949B9452016DB2D00D2C2C8 /* CreateEmployeeController.swift in Sources */,
				7949B9372016B07700D2C2C8 /* CompanyCell.swift in Sources */,
				7949B93A2016B21200D2C2C8 /* Extensions.swift in Sources */,
				794AD167200037FE00026585 /* Company.swift in Sources */,
				7949B93C2016B8B300D2C2C8 /* CompaniesController+CreateCompany.swift in Sources */,
				794AD15120000CC200026585 /* AppDelegate.swift in Sources */,
				7910D98A2000673F00152696 /* CoreDataManager.swift in Sources */,
				79405B81201AC769004C5EFD /* Modelv1.1_2.xcmappingmodel in Sources */,
				794AD169200039D300026585 /* CreateCompanyController.swift in Sources */,
				79410F8A20184DBB0006CD88 /* EmployeeType.swift in Sources */,
				79405B83201AC895004C5EFD /* CustomMigrationPolicy.swift in Sources */,
			);
			runOnlyForDeploymentPostprocessing = 0;
		};
/* End PBXSourcesBuildPhase section */

/* Begin PBXVariantGroup section */
		794AD15420000CC200026585 /* Main.storyboard */ = {
			isa = PBXVariantGroup;
			children = (
				794AD15520000CC200026585 /* Base */,
			);
			name = Main.storyboard;
			sourceTree = "<group>";
		};
		794AD15920000CC200026585 /* LaunchScreen.storyboard */ = {
			isa = PBXVariantGroup;
			children = (
				794AD15A20000CC200026585 /* Base */,
			);
			name = LaunchScreen.storyboard;
			sourceTree = "<group>";
		};
/* End PBXVariantGroup section */

/* Begin XCBuildConfiguration section */
		794AD15D20000CC200026585 /* Debug */ = {
			isa = XCBuildConfiguration;
			buildSettings = {
				ALWAYS_SEARCH_USER_PATHS = NO;
				CLANG_ANALYZER_NONNULL = YES;
				CLANG_ANALYZER_NUMBER_OBJECT_CONVERSION = YES_AGGRESSIVE;
				CLANG_CXX_LANGUAGE_STANDARD = "gnu++14";
				CLANG_CXX_LIBRARY = "libc++";
				CLANG_ENABLE_MODULES = YES;
				CLANG_ENABLE_OBJC_ARC = YES;
				CLANG_WARN_BLOCK_CAPTURE_AUTORELEASING = YES;
				CLANG_WARN_BOOL_CONVERSION = YES;
				CLANG_WARN_COMMA = YES;
				CLANG_WARN_CONSTANT_CONVERSION = YES;
				CLANG_WARN_DIRECT_OBJC_ISA_USAGE = YES_ERROR;
				CLANG_WARN_DOCUMENTATION_COMMENTS = YES;
				CLANG_WARN_EMPTY_BODY = YES;
				CLANG_WARN_ENUM_CONVERSION = YES;
				CLANG_WARN_INFINITE_RECURSION = YES;
				CLANG_WARN_INT_CONVERSION = YES;
				CLANG_WARN_NON_LITERAL_NULL_CONVERSION = YES;
				CLANG_WARN_OBJC_LITERAL_CONVERSION = YES;
				CLANG_WARN_OBJC_ROOT_CLASS = YES_ERROR;
				CLANG_WARN_RANGE_LOOP_ANALYSIS = YES;
				CLANG_WARN_STRICT_PROTOTYPES = YES;
				CLANG_WARN_SUSPICIOUS_MOVE = YES;
				CLANG_WARN_UNGUARDED_AVAILABILITY = YES_AGGRESSIVE;
				CLANG_WARN_UNREACHABLE_CODE = YES;
				CLANG_WARN__DUPLICATE_METHOD_MATCH = YES;
				CODE_SIGN_IDENTITY = "iPhone Developer";
				COPY_PHASE_STRIP = NO;
				DEBUG_INFORMATION_FORMAT = dwarf;
				ENABLE_STRICT_OBJC_MSGSEND = YES;
				ENABLE_TESTABILITY = YES;
				GCC_C_LANGUAGE_STANDARD = gnu11;
				GCC_DYNAMIC_NO_PIC = NO;
				GCC_NO_COMMON_BLOCKS = YES;
				GCC_OPTIMIZATION_LEVEL = 0;
				GCC_PREPROCESSOR_DEFINITIONS = (
					"DEBUG=1",
					"$(inherited)",
				);
				GCC_WARN_64_TO_32_BIT_CONVERSION = YES;
				GCC_WARN_ABOUT_RETURN_TYPE = YES_ERROR;
				GCC_WARN_UNDECLARED_SELECTOR = YES;
				GCC_WARN_UNINITIALIZED_AUTOS = YES_AGGRESSIVE;
				GCC_WARN_UNUSED_FUNCTION = YES;
				GCC_WARN_UNUSED_VARIABLE = YES;
				IPHONEOS_DEPLOYMENT_TARGET = 11.2;
				MTL_ENABLE_DEBUG_INFO = YES;
				ONLY_ACTIVE_ARCH = YES;
				SDKROOT = iphoneos;
				SWIFT_ACTIVE_COMPILATION_CONDITIONS = DEBUG;
				SWIFT_OPTIMIZATION_LEVEL = "-Onone";
			};
			name = Debug;
		};
		794AD15E20000CC200026585 /* Release */ = {
			isa = XCBuildConfiguration;
			buildSettings = {
				ALWAYS_SEARCH_USER_PATHS = NO;
				CLANG_ANALYZER_NONNULL = YES;
				CLANG_ANALYZER_NUMBER_OBJECT_CONVERSION = YES_AGGRESSIVE;
				CLANG_CXX_LANGUAGE_STANDARD = "gnu++14";
				CLANG_CXX_LIBRARY = "libc++";
				CLANG_ENABLE_MODULES = YES;
				CLANG_ENABLE_OBJC_ARC = YES;
				CLANG_WARN_BLOCK_CAPTURE_AUTORELEASING = YES;
				CLANG_WARN_BOOL_CONVERSION = YES;
				CLANG_WARN_COMMA = YES;
				CLANG_WARN_CONSTANT_CONVERSION = YES;
				CLANG_WARN_DIRECT_OBJC_ISA_USAGE = YES_ERROR;
				CLANG_WARN_DOCUMENTATION_COMMENTS = YES;
				CLANG_WARN_EMPTY_BODY = YES;
				CLANG_WARN_ENUM_CONVERSION = YES;
				CLANG_WARN_INFINITE_RECURSION = YES;
				CLANG_WARN_INT_CONVERSION = YES;
				CLANG_WARN_NON_LITERAL_NULL_CONVERSION = YES;
				CLANG_WARN_OBJC_LITERAL_CONVERSION = YES;
				CLANG_WARN_OBJC_ROOT_CLASS = YES_ERROR;
				CLANG_WARN_RANGE_LOOP_ANALYSIS = YES;
				CLANG_WARN_STRICT_PROTOTYPES = YES;
				CLANG_WARN_SUSPICIOUS_MOVE = YES;
				CLANG_WARN_UNGUARDED_AVAILABILITY = YES_AGGRESSIVE;
				CLANG_WARN_UNREACHABLE_CODE = YES;
				CLANG_WARN__DUPLICATE_METHOD_MATCH = YES;
				CODE_SIGN_IDENTITY = "iPhone Developer";
				COPY_PHASE_STRIP = NO;
				DEBUG_INFORMATION_FORMAT = "dwarf-with-dsym";
				ENABLE_NS_ASSERTIONS = NO;
				ENABLE_STRICT_OBJC_MSGSEND = YES;
				GCC_C_LANGUAGE_STANDARD = gnu11;
				GCC_NO_COMMON_BLOCKS = YES;
				GCC_WARN_64_TO_32_BIT_CONVERSION = YES;
				GCC_WARN_ABOUT_RETURN_TYPE = YES_ERROR;
				GCC_WARN_UNDECLARED_SELECTOR = YES;
				GCC_WARN_UNINITIALIZED_AUTOS = YES_AGGRESSIVE;
				GCC_WARN_UNUSED_FUNCTION = YES;
				GCC_WARN_UNUSED_VARIABLE = YES;
				IPHONEOS_DEPLOYMENT_TARGET = 11.2;
				MTL_ENABLE_DEBUG_INFO = NO;
				SDKROOT = iphoneos;
				SWIFT_OPTIMIZATION_LEVEL = "-Owholemodule";
				VALIDATE_PRODUCT = YES;
			};
			name = Release;
		};
		794AD16020000CC200026585 /* Debug */ = {
			isa = XCBuildConfiguration;
			buildSettings = {
				ASSETCATALOG_COMPILER_APPICON_NAME = AppIcon;
				CODE_SIGN_STYLE = Automatic;
				DEVELOPMENT_TEAM = VETRU2J3NX;
				INFOPLIST_FILE = coredatacourse/Info.plist;
				LD_RUNPATH_SEARCH_PATHS = "$(inherited) @executable_path/Frameworks";
				PRODUCT_BUNDLE_IDENTIFIER = com.maxnelsondevelopment.coredatacourse;
				PRODUCT_NAME = "$(TARGET_NAME)";
				SWIFT_VERSION = 4.0;
				TARGETED_DEVICE_FAMILY = "1,2";
			};
			name = Debug;
		};
		794AD16120000CC200026585 /* Release */ = {
			isa = XCBuildConfiguration;
			buildSettings = {
				ASSETCATALOG_COMPILER_APPICON_NAME = AppIcon;
				CODE_SIGN_STYLE = Automatic;
				DEVELOPMENT_TEAM = VETRU2J3NX;
				INFOPLIST_FILE = coredatacourse/Info.plist;
				LD_RUNPATH_SEARCH_PATHS = "$(inherited) @executable_path/Frameworks";
				PRODUCT_BUNDLE_IDENTIFIER = com.maxnelsondevelopment.coredatacourse;
				PRODUCT_NAME = "$(TARGET_NAME)";
				SWIFT_VERSION = 4.0;
				TARGETED_DEVICE_FAMILY = "1,2";
			};
			name = Release;
		};
/* End XCBuildConfiguration section */

/* Begin XCConfigurationList section */
		794AD14820000CC100026585 /* Build configuration list for PBXProject "coredatacourse" */ = {
			isa = XCConfigurationList;
			buildConfigurations = (
				794AD15D20000CC200026585 /* Debug */,
				794AD15E20000CC200026585 /* Release */,
			);
			defaultConfigurationIsVisible = 0;
			defaultConfigurationName = Release;
		};
		794AD15F20000CC200026585 /* Build configuration list for PBXNativeTarget "coredatacourse" */ = {
			isa = XCConfigurationList;
			buildConfigurations = (
				794AD16020000CC200026585 /* Debug */,
				794AD16120000CC200026585 /* Release */,
			);
			defaultConfigurationIsVisible = 0;
			defaultConfigurationName = Release;
		};
/* End XCConfigurationList section */

/* Begin XCVersionGroup section */
		794AD18B20005EA800026585 /* IntermediateTraining.xcdatamodeld */ = {
			isa = XCVersionGroup;
			children = (
				79776EE1201AC63700B6D663 /* IntermediateTraining_v1.2.xcdatamodel */,
				7925395D201ABD2E0081C7BB /* IntermediateTraining_v1.1.xcdatamodel */,
				794AD18C20005EA800026585 /* IntermediateTraining.xcdatamodel */,
			);
			currentVersion = 79776EE1201AC63700B6D663 /* IntermediateTraining_v1.2.xcdatamodel */;
			path = IntermediateTraining.xcdatamodeld;
			sourceTree = "<group>";
			versionGroupType = wrapper.xcdatamodel;
		};
/* End XCVersionGroup section */
	};
	rootObject = 794AD14520000CC100026585 /* Project object */;
}
